// !$*UTF8*$!
{
	archiveVersion = 1;
	classes = {
	};
	objectVersion = 46;
	objects = {

/* Begin PBXBuildFile section */
		4EE96C011C67A9A20095F5DF /* addFriendButton.png in Resources */ = {isa = PBXBuildFile; fileRef = 4EE96BFA1C67A9A20095F5DF /* addFriendButton.png */; };
		4EE96C021C67A9A20095F5DF /* friendButton.png in Resources */ = {isa = PBXBuildFile; fileRef = 4EE96BFB1C67A9A20095F5DF /* friendButton.png */; };
		4EE96C031C67A9A20095F5DF /* notSettledButton.png in Resources */ = {isa = PBXBuildFile; fileRef = 4EE96BFC1C67A9A20095F5DF /* notSettledButton.png */; };
		4EE96C041C67A9A20095F5DF /* optionButton.png in Resources */ = {isa = PBXBuildFile; fileRef = 4EE96BFD1C67A9A20095F5DF /* optionButton.png */; };
		4EE96C051C67A9A20095F5DF /* shadow.png in Resources */ = {isa = PBXBuildFile; fileRef = 4EE96BFE1C67A9A20095F5DF /* shadow.png */; };
		4EE96C061C67A9A20095F5DF /* wantButton.png in Resources */ = {isa = PBXBuildFile; fileRef = 4EE96BFF1C67A9A20095F5DF /* wantButton.png */; };
		4EE96C071C67A9A20095F5DF /* wantListButton.png in Resources */ = {isa = PBXBuildFile; fileRef = 4EE96C001C67A9A20095F5DF /* wantListButton.png */; };
		4EE96C0E1C67AA3F0095F5DF /* MonoCollectionReusableView.m in Sources */ = {isa = PBXBuildFile; fileRef = 4EE96C091C67AA3F0095F5DF /* MonoCollectionReusableView.m */; };
		4EE96C0F1C67AA3F0095F5DF /* MonoCollectionReusableView.xib in Resources */ = {isa = PBXBuildFile; fileRef = 4EE96C0A1C67AA3F0095F5DF /* MonoCollectionReusableView.xib */; };
		4EE96C101C67AA3F0095F5DF /* MonoCollectionViewCell.m in Sources */ = {isa = PBXBuildFile; fileRef = 4EE96C0C1C67AA3F0095F5DF /* MonoCollectionViewCell.m */; };
		4EE96C111C67AA3F0095F5DF /* MonoCollectionViewCell.xib in Resources */ = {isa = PBXBuildFile; fileRef = 4EE96C0D1C67AA3F0095F5DF /* MonoCollectionViewCell.xib */; };
		4EE96C151C67AABE0095F5DF /* DetailViewController.m in Sources */ = {isa = PBXBuildFile; fileRef = 4EE96C131C67AABE0095F5DF /* DetailViewController.m */; };
		4EE96C161C67AABE0095F5DF /* DetailViewController.xib in Resources */ = {isa = PBXBuildFile; fileRef = 4EE96C141C67AABE0095F5DF /* DetailViewController.xib */; };
		4EE96C1C1C67ACCA0095F5DF /* FriendListViewController.m in Sources */ = {isa = PBXBuildFile; fileRef = 4EE96C181C67ACCA0095F5DF /* FriendListViewController.m */; };
		4EE96C1D1C67ACCA0095F5DF /* FriendPage.storyboard in Resources */ = {isa = PBXBuildFile; fileRef = 4EE96C191C67ACCA0095F5DF /* FriendPage.storyboard */; };
		4EE96C1E1C67ACCA0095F5DF /* FriendPageViewController.m in Sources */ = {isa = PBXBuildFile; fileRef = 4EE96C1B1C67ACCA0095F5DF /* FriendPageViewController.m */; };
		C2925A43AA951B8516EA7E65 /* libPods-MonoMosh.a in Frameworks */ = {isa = PBXBuildFile; fileRef = CA4284A338E77D9EBCD22381 /* libPods-MonoMosh.a */; };
		DD5617A71C64B371002880AA /* QuartzCore.framework in Frameworks */ = {isa = PBXBuildFile; fileRef = DD5617A61C64B371002880AA /* QuartzCore.framework */; };
		DD95855D1C6084700058B2FE /* main.m in Sources */ = {isa = PBXBuildFile; fileRef = DD95855C1C6084700058B2FE /* main.m */; };
		DD9585601C6084700058B2FE /* AppDelegate.m in Sources */ = {isa = PBXBuildFile; fileRef = DD95855F1C6084700058B2FE /* AppDelegate.m */; };
		DD9585631C6084700058B2FE /* TimeLineViewController.m in Sources */ = {isa = PBXBuildFile; fileRef = DD9585621C6084700058B2FE /* TimeLineViewController.m */; };
		DD9585661C6084700058B2FE /* MyPageViewController.m in Sources */ = {isa = PBXBuildFile; fileRef = DD9585651C6084700058B2FE /* MyPageViewController.m */; };
		DD9585691C6084700058B2FE /* Main.storyboard in Resources */ = {isa = PBXBuildFile; fileRef = DD9585671C6084700058B2FE /* Main.storyboard */; };
		DD95856B1C6084700058B2FE /* Assets.xcassets in Resources */ = {isa = PBXBuildFile; fileRef = DD95856A1C6084700058B2FE /* Assets.xcassets */; };
		DD95856E1C6084700058B2FE /* LaunchScreen.storyboard in Resources */ = {isa = PBXBuildFile; fileRef = DD95856C1C6084700058B2FE /* LaunchScreen.storyboard */; };
		DD9585791C6084700058B2FE /* MonoMoshTests.m in Sources */ = {isa = PBXBuildFile; fileRef = DD9585781C6084700058B2FE /* MonoMoshTests.m */; };
		DD9585841C6084700058B2FE /* MonoMoshUITests.m in Sources */ = {isa = PBXBuildFile; fileRef = DD9585831C6084700058B2FE /* MonoMoshUITests.m */; };
		DD9585921C60849F0058B2FE /* TimeLine.storyboard in Resources */ = {isa = PBXBuildFile; fileRef = DD9585911C60849F0058B2FE /* TimeLine.storyboard */; };
		DD9585941C6084AA0058B2FE /* MyPage.storyboard in Resources */ = {isa = PBXBuildFile; fileRef = DD9585931C6084AA0058B2FE /* MyPage.storyboard */; };
		DD95859A1C608BC10058B2FE /* MainTabBarViewController.m in Sources */ = {isa = PBXBuildFile; fileRef = DD9585991C608BC10058B2FE /* MainTabBarViewController.m */; };
		DD9585A21C609D5E0058B2FE /* Notif.storyboard in Resources */ = {isa = PBXBuildFile; fileRef = DD9585A11C609D5E0058B2FE /* Notif.storyboard */; };
		DD9585A51C609F3C0058B2FE /* NotifViewController.m in Sources */ = {isa = PBXBuildFile; fileRef = DD9585A41C609F3C0058B2FE /* NotifViewController.m */; };
		DD9585A81C60A1EA0058B2FE /* CameraViewController.m in Sources */ = {isa = PBXBuildFile; fileRef = DD9585A71C60A1EA0058B2FE /* CameraViewController.m */; };
		DD9585AA1C60A2BF0058B2FE /* Camera.storyboard in Resources */ = {isa = PBXBuildFile; fileRef = DD9585A91C60A2BF0058B2FE /* Camera.storyboard */; };
		DDEA98221C68C73C00ADF86C /* profileImage.png in Resources */ = {isa = PBXBuildFile; fileRef = DDEA98211C68C73C00ADF86C /* profileImage.png */; };
/* End PBXBuildFile section */

/* Begin PBXContainerItemProxy section */
		DD9585751C6084700058B2FE /* PBXContainerItemProxy */ = {
			isa = PBXContainerItemProxy;
			containerPortal = DD9585501C6084700058B2FE /* Project object */;
			proxyType = 1;
			remoteGlobalIDString = DD9585571C6084700058B2FE;
			remoteInfo = MonoMosh;
		};
		DD9585801C6084700058B2FE /* PBXContainerItemProxy */ = {
			isa = PBXContainerItemProxy;
			containerPortal = DD9585501C6084700058B2FE /* Project object */;
			proxyType = 1;
			remoteGlobalIDString = DD9585571C6084700058B2FE;
			remoteInfo = MonoMosh;
		};
/* End PBXContainerItemProxy section */

/* Begin PBXFileReference section */
		09293EF4CAAF4B15F18A07E5 /* Pods-MonoMosh.release.xcconfig */ = {isa = PBXFileReference; includeInIndex = 1; lastKnownFileType = text.xcconfig; name = "Pods-MonoMosh.release.xcconfig"; path = "Pods/Target Support Files/Pods-MonoMosh/Pods-MonoMosh.release.xcconfig"; sourceTree = "<group>"; };
		4EE96BFA1C67A9A20095F5DF /* addFriendButton.png */ = {isa = PBXFileReference; lastKnownFileType = image.png; path = addFriendButton.png; sourceTree = "<group>"; };
		4EE96BFB1C67A9A20095F5DF /* friendButton.png */ = {isa = PBXFileReference; lastKnownFileType = image.png; path = friendButton.png; sourceTree = "<group>"; };
		4EE96BFC1C67A9A20095F5DF /* notSettledButton.png */ = {isa = PBXFileReference; lastKnownFileType = image.png; path = notSettledButton.png; sourceTree = "<group>"; };
		4EE96BFD1C67A9A20095F5DF /* optionButton.png */ = {isa = PBXFileReference; lastKnownFileType = image.png; path = optionButton.png; sourceTree = "<group>"; };
		4EE96BFE1C67A9A20095F5DF /* shadow.png */ = {isa = PBXFileReference; lastKnownFileType = image.png; path = shadow.png; sourceTree = "<group>"; };
		4EE96BFF1C67A9A20095F5DF /* wantButton.png */ = {isa = PBXFileReference; lastKnownFileType = image.png; path = wantButton.png; sourceTree = "<group>"; };
		4EE96C001C67A9A20095F5DF /* wantListButton.png */ = {isa = PBXFileReference; lastKnownFileType = image.png; path = wantListButton.png; sourceTree = "<group>"; };
		4EE96C081C67AA3F0095F5DF /* MonoCollectionReusableView.h */ = {isa = PBXFileReference; fileEncoding = 4; lastKnownFileType = sourcecode.c.h; path = MonoCollectionReusableView.h; sourceTree = "<group>"; };
		4EE96C091C67AA3F0095F5DF /* MonoCollectionReusableView.m */ = {isa = PBXFileReference; fileEncoding = 4; lastKnownFileType = sourcecode.c.objc; path = MonoCollectionReusableView.m; sourceTree = "<group>"; };
		4EE96C0A1C67AA3F0095F5DF /* MonoCollectionReusableView.xib */ = {isa = PBXFileReference; fileEncoding = 4; lastKnownFileType = file.xib; path = MonoCollectionReusableView.xib; sourceTree = "<group>"; };
		4EE96C0B1C67AA3F0095F5DF /* MonoCollectionViewCell.h */ = {isa = PBXFileReference; fileEncoding = 4; lastKnownFileType = sourcecode.c.h; path = MonoCollectionViewCell.h; sourceTree = "<group>"; };
		4EE96C0C1C67AA3F0095F5DF /* MonoCollectionViewCell.m */ = {isa = PBXFileReference; fileEncoding = 4; lastKnownFileType = sourcecode.c.objc; path = MonoCollectionViewCell.m; sourceTree = "<group>"; };
		4EE96C0D1C67AA3F0095F5DF /* MonoCollectionViewCell.xib */ = {isa = PBXFileReference; fileEncoding = 4; lastKnownFileType = file.xib; path = MonoCollectionViewCell.xib; sourceTree = "<group>"; };
		4EE96C121C67AABE0095F5DF /* DetailViewController.h */ = {isa = PBXFileReference; fileEncoding = 4; lastKnownFileType = sourcecode.c.h; path = DetailViewController.h; sourceTree = "<group>"; };
		4EE96C131C67AABE0095F5DF /* DetailViewController.m */ = {isa = PBXFileReference; fileEncoding = 4; lastKnownFileType = sourcecode.c.objc; path = DetailViewController.m; sourceTree = "<group>"; };
		4EE96C141C67AABE0095F5DF /* DetailViewController.xib */ = {isa = PBXFileReference; fileEncoding = 4; lastKnownFileType = file.xib; path = DetailViewController.xib; sourceTree = "<group>"; };
		4EE96C171C67ACCA0095F5DF /* FriendListViewController.h */ = {isa = PBXFileReference; fileEncoding = 4; lastKnownFileType = sourcecode.c.h; path = FriendListViewController.h; sourceTree = "<group>"; };
		4EE96C181C67ACCA0095F5DF /* FriendListViewController.m */ = {isa = PBXFileReference; fileEncoding = 4; lastKnownFileType = sourcecode.c.objc; path = FriendListViewController.m; sourceTree = "<group>"; };
		4EE96C191C67ACCA0095F5DF /* FriendPage.storyboard */ = {isa = PBXFileReference; fileEncoding = 4; lastKnownFileType = file.storyboard; path = FriendPage.storyboard; sourceTree = "<group>"; };
		4EE96C1A1C67ACCA0095F5DF /* FriendPageViewController.h */ = {isa = PBXFileReference; fileEncoding = 4; lastKnownFileType = sourcecode.c.h; path = FriendPageViewController.h; sourceTree = "<group>"; };
		4EE96C1B1C67ACCA0095F5DF /* FriendPageViewController.m */ = {isa = PBXFileReference; fileEncoding = 4; lastKnownFileType = sourcecode.c.objc; path = FriendPageViewController.m; sourceTree = "<group>"; };
		7C6D197C68E742127C256327 /* Pods-MonoMosh.debug.xcconfig */ = {isa = PBXFileReference; includeInIndex = 1; lastKnownFileType = text.xcconfig; name = "Pods-MonoMosh.debug.xcconfig"; path = "Pods/Target Support Files/Pods-MonoMosh/Pods-MonoMosh.debug.xcconfig"; sourceTree = "<group>"; };
		CA4284A338E77D9EBCD22381 /* libPods-MonoMosh.a */ = {isa = PBXFileReference; explicitFileType = archive.ar; includeInIndex = 0; path = "libPods-MonoMosh.a"; sourceTree = BUILT_PRODUCTS_DIR; };
		DD5617A61C64B371002880AA /* QuartzCore.framework */ = {isa = PBXFileReference; lastKnownFileType = wrapper.framework; name = QuartzCore.framework; path = System/Library/Frameworks/QuartzCore.framework; sourceTree = SDKROOT; };
		DD9585581C6084700058B2FE /* MonoMosh.app */ = {isa = PBXFileReference; explicitFileType = wrapper.application; includeInIndex = 0; path = MonoMosh.app; sourceTree = BUILT_PRODUCTS_DIR; };
		DD95855C1C6084700058B2FE /* main.m */ = {isa = PBXFileReference; lastKnownFileType = sourcecode.c.objc; path = main.m; sourceTree = "<group>"; };
		DD95855E1C6084700058B2FE /* AppDelegate.h */ = {isa = PBXFileReference; lastKnownFileType = sourcecode.c.h; path = AppDelegate.h; sourceTree = "<group>"; };
		DD95855F1C6084700058B2FE /* AppDelegate.m */ = {isa = PBXFileReference; lastKnownFileType = sourcecode.c.objc; path = AppDelegate.m; sourceTree = "<group>"; };
		DD9585611C6084700058B2FE /* TimeLineViewController.h */ = {isa = PBXFileReference; lastKnownFileType = sourcecode.c.h; path = TimeLineViewController.h; sourceTree = "<group>"; };
		DD9585621C6084700058B2FE /* TimeLineViewController.m */ = {isa = PBXFileReference; lastKnownFileType = sourcecode.c.objc; path = TimeLineViewController.m; sourceTree = "<group>"; };
		DD9585641C6084700058B2FE /* MyPageViewController.h */ = {isa = PBXFileReference; lastKnownFileType = sourcecode.c.h; path = MyPageViewController.h; sourceTree = "<group>"; };
		DD9585651C6084700058B2FE /* MyPageViewController.m */ = {isa = PBXFileReference; lastKnownFileType = sourcecode.c.objc; path = MyPageViewController.m; sourceTree = "<group>"; };
		DD9585681C6084700058B2FE /* Base */ = {isa = PBXFileReference; lastKnownFileType = file.storyboard; name = Base; path = Base.lproj/Main.storyboard; sourceTree = "<group>"; };
		DD95856A1C6084700058B2FE /* Assets.xcassets */ = {isa = PBXFileReference; lastKnownFileType = folder.assetcatalog; path = Assets.xcassets; sourceTree = "<group>"; };
		DD95856D1C6084700058B2FE /* Base */ = {isa = PBXFileReference; lastKnownFileType = file.storyboard; name = Base; path = Base.lproj/LaunchScreen.storyboard; sourceTree = "<group>"; };
		DD95856F1C6084700058B2FE /* Info.plist */ = {isa = PBXFileReference; lastKnownFileType = text.plist.xml; path = Info.plist; sourceTree = "<group>"; };
		DD9585741C6084700058B2FE /* MonoMoshTests.xctest */ = {isa = PBXFileReference; explicitFileType = wrapper.cfbundle; includeInIndex = 0; path = MonoMoshTests.xctest; sourceTree = BUILT_PRODUCTS_DIR; };
		DD9585781C6084700058B2FE /* MonoMoshTests.m */ = {isa = PBXFileReference; lastKnownFileType = sourcecode.c.objc; path = MonoMoshTests.m; sourceTree = "<group>"; };
		DD95857A1C6084700058B2FE /* Info.plist */ = {isa = PBXFileReference; lastKnownFileType = text.plist.xml; path = Info.plist; sourceTree = "<group>"; };
		DD95857F1C6084700058B2FE /* MonoMoshUITests.xctest */ = {isa = PBXFileReference; explicitFileType = wrapper.cfbundle; includeInIndex = 0; path = MonoMoshUITests.xctest; sourceTree = BUILT_PRODUCTS_DIR; };
		DD9585831C6084700058B2FE /* MonoMoshUITests.m */ = {isa = PBXFileReference; lastKnownFileType = sourcecode.c.objc; path = MonoMoshUITests.m; sourceTree = "<group>"; };
		DD9585851C6084700058B2FE /* Info.plist */ = {isa = PBXFileReference; lastKnownFileType = text.plist.xml; path = Info.plist; sourceTree = "<group>"; };
		DD9585911C60849F0058B2FE /* TimeLine.storyboard */ = {isa = PBXFileReference; fileEncoding = 4; lastKnownFileType = file.storyboard; path = TimeLine.storyboard; sourceTree = "<group>"; };
		DD9585931C6084AA0058B2FE /* MyPage.storyboard */ = {isa = PBXFileReference; fileEncoding = 4; lastKnownFileType = file.storyboard; path = MyPage.storyboard; sourceTree = "<group>"; };
		DD9585981C608BC10058B2FE /* MainTabBarViewController.h */ = {isa = PBXFileReference; fileEncoding = 4; lastKnownFileType = sourcecode.c.h; path = MainTabBarViewController.h; sourceTree = "<group>"; };
		DD9585991C608BC10058B2FE /* MainTabBarViewController.m */ = {isa = PBXFileReference; fileEncoding = 4; lastKnownFileType = sourcecode.c.objc; path = MainTabBarViewController.m; sourceTree = "<group>"; };
		DD9585A11C609D5E0058B2FE /* Notif.storyboard */ = {isa = PBXFileReference; fileEncoding = 4; lastKnownFileType = file.storyboard; path = Notif.storyboard; sourceTree = "<group>"; };
		DD9585A31C609F3C0058B2FE /* NotifViewController.h */ = {isa = PBXFileReference; fileEncoding = 4; lastKnownFileType = sourcecode.c.h; path = NotifViewController.h; sourceTree = "<group>"; };
		DD9585A41C609F3C0058B2FE /* NotifViewController.m */ = {isa = PBXFileReference; fileEncoding = 4; lastKnownFileType = sourcecode.c.objc; path = NotifViewController.m; sourceTree = "<group>"; };
		DD9585A61C60A1EA0058B2FE /* CameraViewController.h */ = {isa = PBXFileReference; fileEncoding = 4; lastKnownFileType = sourcecode.c.h; path = CameraViewController.h; sourceTree = "<group>"; };
		DD9585A71C60A1EA0058B2FE /* CameraViewController.m */ = {isa = PBXFileReference; fileEncoding = 4; lastKnownFileType = sourcecode.c.objc; path = CameraViewController.m; sourceTree = "<group>"; };
		DD9585A91C60A2BF0058B2FE /* Camera.storyboard */ = {isa = PBXFileReference; fileEncoding = 4; lastKnownFileType = file.storyboard; path = Camera.storyboard; sourceTree = "<group>"; };
		DDEA98211C68C73C00ADF86C /* profileImage.png */ = {isa = PBXFileReference; lastKnownFileType = image.png; path = profileImage.png; sourceTree = "<group>"; };
/* End PBXFileReference section */

/* Begin PBXFrameworksBuildPhase section */
		DD9585551C6084700058B2FE /* Frameworks */ = {
			isa = PBXFrameworksBuildPhase;
			buildActionMask = 2147483647;
			files = (
				DD5617A71C64B371002880AA /* QuartzCore.framework in Frameworks */,
				C2925A43AA951B8516EA7E65 /* libPods-MonoMosh.a in Frameworks */,
			);
			runOnlyForDeploymentPostprocessing = 0;
		};
		DD9585711C6084700058B2FE /* Frameworks */ = {
			isa = PBXFrameworksBuildPhase;
			buildActionMask = 2147483647;
			files = (
			);
			runOnlyForDeploymentPostprocessing = 0;
		};
		DD95857C1C6084700058B2FE /* Frameworks */ = {
			isa = PBXFrameworksBuildPhase;
			buildActionMask = 2147483647;
			files = (
			);
			runOnlyForDeploymentPostprocessing = 0;
		};
/* End PBXFrameworksBuildPhase section */

/* Begin PBXGroup section */
		23002257BB6482AB023807EE /* Pods */ = {
			isa = PBXGroup;
			children = (
				7C6D197C68E742127C256327 /* Pods-MonoMosh.debug.xcconfig */,
				09293EF4CAAF4B15F18A07E5 /* Pods-MonoMosh.release.xcconfig */,
			);
			name = Pods;
			sourceTree = "<group>";
		};
		4EE96BF71C67A9640095F5DF /* Friends */ = {
			isa = PBXGroup;
			children = (
				4EE96C171C67ACCA0095F5DF /* FriendListViewController.h */,
				4EE96C181C67ACCA0095F5DF /* FriendListViewController.m */,
				4EE96C1A1C67ACCA0095F5DF /* FriendPageViewController.h */,
				4EE96C1B1C67ACCA0095F5DF /* FriendPageViewController.m */,
				4EE96C191C67ACCA0095F5DF /* FriendPage.storyboard */,
			);
			name = Friends;
			sourceTree = "<group>";
		};
		4EE96BF81C67A9740095F5DF /* View */ = {
			isa = PBXGroup;
			children = (
				4EE96C081C67AA3F0095F5DF /* MonoCollectionReusableView.h */,
				4EE96C091C67AA3F0095F5DF /* MonoCollectionReusableView.m */,
				4EE96C0A1C67AA3F0095F5DF /* MonoCollectionReusableView.xib */,
				4EE96C0B1C67AA3F0095F5DF /* MonoCollectionViewCell.h */,
				4EE96C0C1C67AA3F0095F5DF /* MonoCollectionViewCell.m */,
				4EE96C0D1C67AA3F0095F5DF /* MonoCollectionViewCell.xib */,
			);
			name = View;
			sourceTree = "<group>";
		};
		4EE96BF91C67A9810095F5DF /* Resources */ = {
			isa = PBXGroup;
			children = (
				4EE96BFA1C67A9A20095F5DF /* addFriendButton.png */,
				4EE96BFB1C67A9A20095F5DF /* friendButton.png */,
				4EE96BFC1C67A9A20095F5DF /* notSettledButton.png */,
				4EE96BFD1C67A9A20095F5DF /* optionButton.png */,
				4EE96BFE1C67A9A20095F5DF /* shadow.png */,
				4EE96BFF1C67A9A20095F5DF /* wantButton.png */,
				4EE96C001C67A9A20095F5DF /* wantListButton.png */,
				DDEA98211C68C73C00ADF86C /* profileImage.png */,
			);
			name = Resources;
			sourceTree = "<group>";
		};
		4EE96C211C69F4890095F5DF /* Post */ = {
			isa = PBXGroup;
			children = (
				DD9585A61C60A1EA0058B2FE /* CameraViewController.h */,
				DD9585A71C60A1EA0058B2FE /* CameraViewController.m */,
				DD9585A91C60A2BF0058B2FE /* Camera.storyboard */,
			);
			name = Post;
			sourceTree = "<group>";
		};
		4EE96C221C69F4920095F5DF /* Timeline */ = {
			isa = PBXGroup;
			children = (
				DD9585611C6084700058B2FE /* TimeLineViewController.h */,
				DD9585621C6084700058B2FE /* TimeLineViewController.m */,
				DD9585911C60849F0058B2FE /* TimeLine.storyboard */,
				DD9585641C6084700058B2FE /* MyPageViewController.h */,
				DD9585651C6084700058B2FE /* MyPageViewController.m */,
				DD9585931C6084AA0058B2FE /* MyPage.storyboard */,
				4EE96C121C67AABE0095F5DF /* DetailViewController.h */,
				4EE96C131C67AABE0095F5DF /* DetailViewController.m */,
				4EE96C141C67AABE0095F5DF /* DetailViewController.xib */,
				4EE96BF71C67A9640095F5DF /* Friends */,
			);
			name = Timeline;
			sourceTree = "<group>";
		};
		4EE96C231C69F4CC0095F5DF /* Controller */ = {
			isa = PBXGroup;
			children = (
				4EE96C221C69F4920095F5DF /* Timeline */,
				4EE96C211C69F4890095F5DF /* Post */,
				DD9585A31C609F3C0058B2FE /* NotifViewController.h */,
				DD9585A41C609F3C0058B2FE /* NotifViewController.m */,
				DD9585A11C609D5E0058B2FE /* Notif.storyboard */,
			);
			name = Controller;
			sourceTree = "<group>";
		};
		86B3D5793F25217CCD5E1B38 /* Frameworks */ = {
			isa = PBXGroup;
			children = (
				DD5617A61C64B371002880AA /* QuartzCore.framework */,
				CA4284A338E77D9EBCD22381 /* libPods-MonoMosh.a */,
			);
			name = Frameworks;
			sourceTree = "<group>";
		};
		DD95854F1C6084700058B2FE = {
			isa = PBXGroup;
			children = (
				DD95855A1C6084700058B2FE /* MonoMosh */,
				DD9585771C6084700058B2FE /* MonoMoshTests */,
				DD9585821C6084700058B2FE /* MonoMoshUITests */,
				DD9585591C6084700058B2FE /* Products */,
				23002257BB6482AB023807EE /* Pods */,
				86B3D5793F25217CCD5E1B38 /* Frameworks */,
			);
			sourceTree = "<group>";
		};
		DD9585591C6084700058B2FE /* Products */ = {
			isa = PBXGroup;
			children = (
				DD9585581C6084700058B2FE /* MonoMosh.app */,
				DD9585741C6084700058B2FE /* MonoMoshTests.xctest */,
				DD95857F1C6084700058B2FE /* MonoMoshUITests.xctest */,
			);
			name = Products;
			sourceTree = "<group>";
		};
		DD95855A1C6084700058B2FE /* MonoMosh */ = {
			isa = PBXGroup;
			children = (
				4EE96C231C69F4CC0095F5DF /* Controller */,
				4EE96BF81C67A9740095F5DF /* View */,
				4EE96BF91C67A9810095F5DF /* Resources */,
				DD95855E1C6084700058B2FE /* AppDelegate.h */,
				DD95855F1C6084700058B2FE /* AppDelegate.m */,
				DD9585981C608BC10058B2FE /* MainTabBarViewController.h */,
				DD9585991C608BC10058B2FE /* MainTabBarViewController.m */,
				DD9585671C6084700058B2FE /* Main.storyboard */,
				DD95856A1C6084700058B2FE /* Assets.xcassets */,
				DD95856C1C6084700058B2FE /* LaunchScreen.storyboard */,
				DD95856F1C6084700058B2FE /* Info.plist */,
				DD95855B1C6084700058B2FE /* Supporting Files */,
			);
			path = MonoMosh;
			sourceTree = "<group>";
		};
		DD95855B1C6084700058B2FE /* Supporting Files */ = {
			isa = PBXGroup;
			children = (
				DD95855C1C6084700058B2FE /* main.m */,
			);
			name = "Supporting Files";
			sourceTree = "<group>";
		};
		DD9585771C6084700058B2FE /* MonoMoshTests */ = {
			isa = PBXGroup;
			children = (
				DD9585781C6084700058B2FE /* MonoMoshTests.m */,
				DD95857A1C6084700058B2FE /* Info.plist */,
			);
			path = MonoMoshTests;
			sourceTree = "<group>";
		};
		DD9585821C6084700058B2FE /* MonoMoshUITests */ = {
			isa = PBXGroup;
			children = (
				DD9585831C6084700058B2FE /* MonoMoshUITests.m */,
				DD9585851C6084700058B2FE /* Info.plist */,
			);
			path = MonoMoshUITests;
			sourceTree = "<group>";
		};
/* End PBXGroup section */

/* Begin PBXNativeTarget section */
		DD9585571C6084700058B2FE /* MonoMosh */ = {
			isa = PBXNativeTarget;
			buildConfigurationList = DD9585881C6084700058B2FE /* Build configuration list for PBXNativeTarget "MonoMosh" */;
			buildPhases = (
				1B91C8C64B030E6A3E7ABA30 /* Check Pods Manifest.lock */,
				DD9585541C6084700058B2FE /* Sources */,
				DD9585551C6084700058B2FE /* Frameworks */,
				DD9585561C6084700058B2FE /* Resources */,
				B0E2D016ADD4495F467D88C1 /* Embed Pods Frameworks */,
				D203B48C83058CBD594B0A63 /* Copy Pods Resources */,
			);
			buildRules = (
			);
			dependencies = (
			);
			name = MonoMosh;
			productName = MonoMosh;
			productReference = DD9585581C6084700058B2FE /* MonoMosh.app */;
			productType = "com.apple.product-type.application";
		};
		DD9585731C6084700058B2FE /* MonoMoshTests */ = {
			isa = PBXNativeTarget;
			buildConfigurationList = DD95858B1C6084700058B2FE /* Build configuration list for PBXNativeTarget "MonoMoshTests" */;
			buildPhases = (
				DD9585701C6084700058B2FE /* Sources */,
				DD9585711C6084700058B2FE /* Frameworks */,
				DD9585721C6084700058B2FE /* Resources */,
			);
			buildRules = (
			);
			dependencies = (
				DD9585761C6084700058B2FE /* PBXTargetDependency */,
			);
			name = MonoMoshTests;
			productName = MonoMoshTests;
			productReference = DD9585741C6084700058B2FE /* MonoMoshTests.xctest */;
			productType = "com.apple.product-type.bundle.unit-test";
		};
		DD95857E1C6084700058B2FE /* MonoMoshUITests */ = {
			isa = PBXNativeTarget;
			buildConfigurationList = DD95858E1C6084700058B2FE /* Build configuration list for PBXNativeTarget "MonoMoshUITests" */;
			buildPhases = (
				DD95857B1C6084700058B2FE /* Sources */,
				DD95857C1C6084700058B2FE /* Frameworks */,
				DD95857D1C6084700058B2FE /* Resources */,
			);
			buildRules = (
			);
			dependencies = (
				DD9585811C6084700058B2FE /* PBXTargetDependency */,
			);
			name = MonoMoshUITests;
			productName = MonoMoshUITests;
			productReference = DD95857F1C6084700058B2FE /* MonoMoshUITests.xctest */;
			productType = "com.apple.product-type.bundle.ui-testing";
		};
/* End PBXNativeTarget section */

/* Begin PBXProject section */
		DD9585501C6084700058B2FE /* Project object */ = {
			isa = PBXProject;
			attributes = {
				LastUpgradeCheck = 0720;
				ORGANIZATIONNAME = "嶋本夏海";
				TargetAttributes = {
					DD9585571C6084700058B2FE = {
						CreatedOnToolsVersion = 7.2;
					};
					DD9585731C6084700058B2FE = {
						CreatedOnToolsVersion = 7.2;
						TestTargetID = DD9585571C6084700058B2FE;
					};
					DD95857E1C6084700058B2FE = {
						CreatedOnToolsVersion = 7.2;
						TestTargetID = DD9585571C6084700058B2FE;
					};
				};
			};
			buildConfigurationList = DD9585531C6084700058B2FE /* Build configuration list for PBXProject "MonoMosh" */;
			compatibilityVersion = "Xcode 3.2";
			developmentRegion = English;
			hasScannedForEncodings = 0;
			knownRegions = (
				en,
				Base,
			);
			mainGroup = DD95854F1C6084700058B2FE;
			productRefGroup = DD9585591C6084700058B2FE /* Products */;
			projectDirPath = "";
			projectRoot = "";
			targets = (
				DD9585571C6084700058B2FE /* MonoMosh */,
				DD9585731C6084700058B2FE /* MonoMoshTests */,
				DD95857E1C6084700058B2FE /* MonoMoshUITests */,
			);
		};
/* End PBXProject section */

/* Begin PBXResourcesBuildPhase section */
		DD9585561C6084700058B2FE /* Resources */ = {
			isa = PBXResourcesBuildPhase;
			buildActionMask = 2147483647;
			files = (
				DD95856E1C6084700058B2FE /* LaunchScreen.storyboard in Resources */,
				4EE96C031C67A9A20095F5DF /* notSettledButton.png in Resources */,
				4EE96C161C67AABE0095F5DF /* DetailViewController.xib in Resources */,
				DDEA98221C68C73C00ADF86C /* profileImage.png in Resources */,
				DD9585AA1C60A2BF0058B2FE /* Camera.storyboard in Resources */,
				DD95856B1C6084700058B2FE /* Assets.xcassets in Resources */,
				4EE96C1D1C67ACCA0095F5DF /* FriendPage.storyboard in Resources */,
				4EE96C011C67A9A20095F5DF /* addFriendButton.png in Resources */,
				4EE96C071C67A9A20095F5DF /* wantListButton.png in Resources */,
				4EE96C0F1C67AA3F0095F5DF /* MonoCollectionReusableView.xib in Resources */,
				4EE96C061C67A9A20095F5DF /* wantButton.png in Resources */,
				DD9585691C6084700058B2FE /* Main.storyboard in Resources */,
				4EE96C021C67A9A20095F5DF /* friendButton.png in Resources */,
				DD9585941C6084AA0058B2FE /* MyPage.storyboard in Resources */,
				4EE96C111C67AA3F0095F5DF /* MonoCollectionViewCell.xib in Resources */,
				4EE96C041C67A9A20095F5DF /* optionButton.png in Resources */,
				DD9585A21C609D5E0058B2FE /* Notif.storyboard in Resources */,
				DD9585921C60849F0058B2FE /* TimeLine.storyboard in Resources */,
				4EE96C051C67A9A20095F5DF /* shadow.png in Resources */,
			);
			runOnlyForDeploymentPostprocessing = 0;
		};
		DD9585721C6084700058B2FE /* Resources */ = {
			isa = PBXResourcesBuildPhase;
			buildActionMask = 2147483647;
			files = (
			);
			runOnlyForDeploymentPostprocessing = 0;
		};
		DD95857D1C6084700058B2FE /* Resources */ = {
			isa = PBXResourcesBuildPhase;
			buildActionMask = 2147483647;
			files = (
			);
			runOnlyForDeploymentPostprocessing = 0;
		};
/* End PBXResourcesBuildPhase section */

/* Begin PBXShellScriptBuildPhase section */
		1B91C8C64B030E6A3E7ABA30 /* Check Pods Manifest.lock */ = {
			isa = PBXShellScriptBuildPhase;
			buildActionMask = 2147483647;
			files = (
			);
			inputPaths = (
			);
			name = "Check Pods Manifest.lock";
			outputPaths = (
			);
			runOnlyForDeploymentPostprocessing = 0;
			shellPath = /bin/sh;
			shellScript = "diff \"${PODS_ROOT}/../Podfile.lock\" \"${PODS_ROOT}/Manifest.lock\" > /dev/null\nif [[ $? != 0 ]] ; then\n    cat << EOM\nerror: The sandbox is not in sync with the Podfile.lock. Run 'pod install' or update your CocoaPods installation.\nEOM\n    exit 1\nfi\n";
			showEnvVarsInLog = 0;
		};
		B0E2D016ADD4495F467D88C1 /* Embed Pods Frameworks */ = {
			isa = PBXShellScriptBuildPhase;
			buildActionMask = 2147483647;
			files = (
			);
			inputPaths = (
			);
			name = "Embed Pods Frameworks";
			outputPaths = (
			);
			runOnlyForDeploymentPostprocessing = 0;
			shellPath = /bin/sh;
			shellScript = "\"${SRCROOT}/Pods/Target Support Files/Pods-MonoMosh/Pods-MonoMosh-frameworks.sh\"\n";
			showEnvVarsInLog = 0;
		};
		D203B48C83058CBD594B0A63 /* Copy Pods Resources */ = {
			isa = PBXShellScriptBuildPhase;
			buildActionMask = 2147483647;
			files = (
			);
			inputPaths = (
			);
			name = "Copy Pods Resources";
			outputPaths = (
			);
			runOnlyForDeploymentPostprocessing = 0;
			shellPath = /bin/sh;
			shellScript = "\"${SRCROOT}/Pods/Target Support Files/Pods-MonoMosh/Pods-MonoMosh-resources.sh\"\n";
			showEnvVarsInLog = 0;
		};
/* End PBXShellScriptBuildPhase section */

/* Begin PBXSourcesBuildPhase section */
		DD9585541C6084700058B2FE /* Sources */ = {
			isa = PBXSourcesBuildPhase;
			buildActionMask = 2147483647;
			files = (
				DD9585661C6084700058B2FE /* MyPageViewController.m in Sources */,
				4EE96C1E1C67ACCA0095F5DF /* FriendPageViewController.m in Sources */,
				DD9585601C6084700058B2FE /* AppDelegate.m in Sources */,
				4EE96C0E1C67AA3F0095F5DF /* MonoCollectionReusableView.m in Sources */,
				4EE96C101C67AA3F0095F5DF /* MonoCollectionViewCell.m in Sources */,
				DD9585A51C609F3C0058B2FE /* NotifViewController.m in Sources */,
				4EE96C1C1C67ACCA0095F5DF /* FriendListViewController.m in Sources */,
				4EE96C151C67AABE0095F5DF /* DetailViewController.m in Sources */,
				DD95859A1C608BC10058B2FE /* MainTabBarViewController.m in Sources */,
				DD9585631C6084700058B2FE /* TimeLineViewController.m in Sources */,
				DD9585A81C60A1EA0058B2FE /* CameraViewController.m in Sources */,
				DD95855D1C6084700058B2FE /* main.m in Sources */,
			);
			runOnlyForDeploymentPostprocessing = 0;
		};
		DD9585701C6084700058B2FE /* Sources */ = {
			isa = PBXSourcesBuildPhase;
			buildActionMask = 2147483647;
			files = (
				DD9585791C6084700058B2FE /* MonoMoshTests.m in Sources */,
			);
			runOnlyForDeploymentPostprocessing = 0;
		};
		DD95857B1C6084700058B2FE /* Sources */ = {
			isa = PBXSourcesBuildPhase;
			buildActionMask = 2147483647;
			files = (
				DD9585841C6084700058B2FE /* MonoMoshUITests.m in Sources */,
			);
			runOnlyForDeploymentPostprocessing = 0;
		};
/* End PBXSourcesBuildPhase section */

/* Begin PBXTargetDependency section */
		DD9585761C6084700058B2FE /* PBXTargetDependency */ = {
			isa = PBXTargetDependency;
			target = DD9585571C6084700058B2FE /* MonoMosh */;
			targetProxy = DD9585751C6084700058B2FE /* PBXContainerItemProxy */;
		};
		DD9585811C6084700058B2FE /* PBXTargetDependency */ = {
			isa = PBXTargetDependency;
			target = DD9585571C6084700058B2FE /* MonoMosh */;
			targetProxy = DD9585801C6084700058B2FE /* PBXContainerItemProxy */;
		};
/* End PBXTargetDependency section */

/* Begin PBXVariantGroup section */
		DD9585671C6084700058B2FE /* Main.storyboard */ = {
			isa = PBXVariantGroup;
			children = (
				DD9585681C6084700058B2FE /* Base */,
			);
			name = Main.storyboard;
			sourceTree = "<group>";
		};
		DD95856C1C6084700058B2FE /* LaunchScreen.storyboard */ = {
			isa = PBXVariantGroup;
			children = (
				DD95856D1C6084700058B2FE /* Base */,
			);
			name = LaunchScreen.storyboard;
			sourceTree = "<group>";
		};
/* End PBXVariantGroup section */

/* Begin XCBuildConfiguration section */
		DD9585861C6084700058B2FE /* Debug */ = {
			isa = XCBuildConfiguration;
			buildSettings = {
				ALWAYS_SEARCH_USER_PATHS = NO;
				CLANG_CXX_LANGUAGE_STANDARD = "gnu++0x";
				CLANG_CXX_LIBRARY = "libc++";
				CLANG_ENABLE_MODULES = YES;
				CLANG_ENABLE_OBJC_ARC = YES;
				CLANG_WARN_BOOL_CONVERSION = YES;
				CLANG_WARN_CONSTANT_CONVERSION = YES;
				CLANG_WARN_DIRECT_OBJC_ISA_USAGE = YES_ERROR;
				CLANG_WARN_EMPTY_BODY = YES;
				CLANG_WARN_ENUM_CONVERSION = YES;
				CLANG_WARN_INT_CONVERSION = YES;
				CLANG_WARN_OBJC_ROOT_CLASS = YES_ERROR;
				CLANG_WARN_UNREACHABLE_CODE = YES;
				CLANG_WARN__DUPLICATE_METHOD_MATCH = YES;
				"CODE_SIGN_IDENTITY[sdk=iphoneos*]" = "iPhone Developer";
				COPY_PHASE_STRIP = NO;
				DEBUG_INFORMATION_FORMAT = dwarf;
				ENABLE_STRICT_OBJC_MSGSEND = YES;
				ENABLE_TESTABILITY = YES;
				GCC_C_LANGUAGE_STANDARD = gnu99;
				GCC_DYNAMIC_NO_PIC = NO;
				GCC_NO_COMMON_BLOCKS = YES;
				GCC_OPTIMIZATION_LEVEL = 0;
				GCC_PREPROCESSOR_DEFINITIONS = (
					"DEBUG=1",
					"$(inherited)",
				);
				GCC_WARN_64_TO_32_BIT_CONVERSION = YES;
				GCC_WARN_ABOUT_RETURN_TYPE = YES_ERROR;
				GCC_WARN_UNDECLARED_SELECTOR = YES;
				GCC_WARN_UNINITIALIZED_AUTOS = YES_AGGRESSIVE;
				GCC_WARN_UNUSED_FUNCTION = YES;
				GCC_WARN_UNUSED_VARIABLE = YES;
				IPHONEOS_DEPLOYMENT_TARGET = 9.2;
				MTL_ENABLE_DEBUG_INFO = YES;
				ONLY_ACTIVE_ARCH = YES;
				SDKROOT = iphoneos;
			};
			name = Debug;
		};
		DD9585871C6084700058B2FE /* Release */ = {
			isa = XCBuildConfiguration;
			buildSettings = {
				ALWAYS_SEARCH_USER_PATHS = NO;
				CLANG_CXX_LANGUAGE_STANDARD = "gnu++0x";
				CLANG_CXX_LIBRARY = "libc++";
				CLANG_ENABLE_MODULES = YES;
				CLANG_ENABLE_OBJC_ARC = YES;
				CLANG_WARN_BOOL_CONVERSION = YES;
				CLANG_WARN_CONSTANT_CONVERSION = YES;
				CLANG_WARN_DIRECT_OBJC_ISA_USAGE = YES_ERROR;
				CLANG_WARN_EMPTY_BODY = YES;
				CLANG_WARN_ENUM_CONVERSION = YES;
				CLANG_WARN_INT_CONVERSION = YES;
				CLANG_WARN_OBJC_ROOT_CLASS = YES_ERROR;
				CLANG_WARN_UNREACHABLE_CODE = YES;
				CLANG_WARN__DUPLICATE_METHOD_MATCH = YES;
				"CODE_SIGN_IDENTITY[sdk=iphoneos*]" = "iPhone Developer";
				COPY_PHASE_STRIP = NO;
				DEBUG_INFORMATION_FORMAT = "dwarf-with-dsym";
				ENABLE_NS_ASSERTIONS = NO;
				ENABLE_STRICT_OBJC_MSGSEND = YES;
				GCC_C_LANGUAGE_STANDARD = gnu99;
				GCC_NO_COMMON_BLOCKS = YES;
				GCC_WARN_64_TO_32_BIT_CONVERSION = YES;
				GCC_WARN_ABOUT_RETURN_TYPE = YES_ERROR;
				GCC_WARN_UNDECLARED_SELECTOR = YES;
				GCC_WARN_UNINITIALIZED_AUTOS = YES_AGGRESSIVE;
				GCC_WARN_UNUSED_FUNCTION = YES;
				GCC_WARN_UNUSED_VARIABLE = YES;
				IPHONEOS_DEPLOYMENT_TARGET = 9.2;
				MTL_ENABLE_DEBUG_INFO = NO;
				SDKROOT = iphoneos;
				VALIDATE_PRODUCT = YES;
			};
			name = Release;
		};
		DD9585891C6084700058B2FE /* Debug */ = {
			isa = XCBuildConfiguration;
			baseConfigurationReference = 7C6D197C68E742127C256327 /* Pods-MonoMosh.debug.xcconfig */;
			buildSettings = {
				ASSETCATALOG_COMPILER_APPICON_NAME = AppIcon;
				INFOPLIST_FILE = MonoMosh/Info.plist;
				LD_RUNPATH_SEARCH_PATHS = "$(inherited) @executable_path/Frameworks";
				PRODUCT_BUNDLE_IDENTIFIER = a.MonoMosh;
				PRODUCT_NAME = "$(TARGET_NAME)";
			};
			name = Debug;
		};
		DD95858A1C6084700058B2FE /* Release */ = {
			isa = XCBuildConfiguration;
			baseConfigurationReference = 09293EF4CAAF4B15F18A07E5 /* Pods-MonoMosh.release.xcconfig */;
			buildSettings = {
				ASSETCATALOG_COMPILER_APPICON_NAME = AppIcon;
				INFOPLIST_FILE = MonoMosh/Info.plist;
				LD_RUNPATH_SEARCH_PATHS = "$(inherited) @executable_path/Frameworks";
				PRODUCT_BUNDLE_IDENTIFIER = a.MonoMosh;
				PRODUCT_NAME = "$(TARGET_NAME)";
			};
			name = Release;
		};
		DD95858C1C6084700058B2FE /* Debug */ = {
			isa = XCBuildConfiguration;
			buildSettings = {
				BUNDLE_LOADER = "$(TEST_HOST)";
				INFOPLIST_FILE = MonoMoshTests/Info.plist;
				LD_RUNPATH_SEARCH_PATHS = "$(inherited) @executable_path/Frameworks @loader_path/Frameworks";
				PRODUCT_BUNDLE_IDENTIFIER = a.MonoMoshTests;
				PRODUCT_NAME = "$(TARGET_NAME)";
				TEST_HOST = "$(BUILT_PRODUCTS_DIR)/MonoMosh.app/MonoMosh";
			};
			name = Debug;
		};
		DD95858D1C6084700058B2FE /* Release */ = {
			isa = XCBuildConfiguration;
			buildSettings = {
				BUNDLE_LOADER = "$(TEST_HOST)";
				INFOPLIST_FILE = MonoMoshTests/Info.plist;
				LD_RUNPATH_SEARCH_PATHS = "$(inherited) @executable_path/Frameworks @loader_path/Frameworks";
				PRODUCT_BUNDLE_IDENTIFIER = a.MonoMoshTests;
				PRODUCT_NAME = "$(TARGET_NAME)";
				TEST_HOST = "$(BUILT_PRODUCTS_DIR)/MonoMosh.app/MonoMosh";
			};
			name = Release;
		};
		DD95858F1C6084700058B2FE /* Debug */ = {
			isa = XCBuildConfiguration;
			buildSettings = {
				INFOPLIST_FILE = MonoMoshUITests/Info.plist;
				LD_RUNPATH_SEARCH_PATHS = "$(inherited) @executable_path/Frameworks @loader_path/Frameworks";
				PRODUCT_BUNDLE_IDENTIFIER = a.MonoMoshUITests;
				PRODUCT_NAME = "$(TARGET_NAME)";
				TEST_TARGET_NAME = MonoMosh;
				USES_XCTRUNNER = YES;
			};
			name = Debug;
		};
		DD9585901C6084700058B2FE /* Release */ = {
			isa = XCBuildConfiguration;
			buildSettings = {
				INFOPLIST_FILE = MonoMoshUITests/Info.plist;
				LD_RUNPATH_SEARCH_PATHS = "$(inherited) @executable_path/Frameworks @loader_path/Frameworks";
				PRODUCT_BUNDLE_IDENTIFIER = a.MonoMoshUITests;
				PRODUCT_NAME = "$(TARGET_NAME)";
				TEST_TARGET_NAME = MonoMosh;
				USES_XCTRUNNER = YES;
			};
			name = Release;
		};
/* End XCBuildConfiguration section */

/* Begin XCConfigurationList section */
		DD9585531C6084700058B2FE /* Build configuration list for PBXProject "MonoMosh" */ = {
			isa = XCConfigurationList;
			buildConfigurations = (
				DD9585861C6084700058B2FE /* Debug */,
				DD9585871C6084700058B2FE /* Release */,
			);
			defaultConfigurationIsVisible = 0;
			defaultConfigurationName = Release;
		};
		DD9585881C6084700058B2FE /* Build configuration list for PBXNativeTarget "MonoMosh" */ = {
			isa = XCConfigurationList;
			buildConfigurations = (
				DD9585891C6084700058B2FE /* Debug */,
				DD95858A1C6084700058B2FE /* Release */,
			);
			defaultConfigurationIsVisible = 0;
			defaultConfigurationName = Release;
		};
		DD95858B1C6084700058B2FE /* Build configuration list for PBXNativeTarget "MonoMoshTests" */ = {
			isa = XCConfigurationList;
			buildConfigurations = (
				DD95858C1C6084700058B2FE /* Debug */,
				DD95858D1C6084700058B2FE /* Release */,
			);
			defaultConfigurationIsVisible = 0;
			defaultConfigurationName = Release;
		};
		DD95858E1C6084700058B2FE /* Build configuration list for PBXNativeTarget "MonoMoshUITests" */ = {
			isa = XCConfigurationList;
			buildConfigurations = (
				DD95858F1C6084700058B2FE /* Debug */,
				DD9585901C6084700058B2FE /* Release */,
			);
			defaultConfigurationIsVisible = 0;
			defaultConfigurationName = Release;
		};
/* End XCConfigurationList section */
	};
	rootObject = DD9585501C6084700058B2FE /* Project object */;
}
